
Microsoft Visual Studio Solution File, Format Version 12.00
# Visual Studio 15
VisualStudioVersion = 15.0.28010.2046
MinimumVisualStudioVersion = 10.0.40219.1
Project("{FAE04EC0-301F-11D3-BF4B-00C04F79EFBC}") = "PartialForms", "PartialForms\PartialForms.csproj", "{A21AEA82-4BAD-4C55-8C99-33FE30BF9168}"
EndProject
Global
	GlobalSection(SolutionConfigurationPlatforms) = preSolution
		Debug|Any CPU = Debug|Any CPU
		Release|Any CPU = Release|Any CPU
	EndGlobalSection
	GlobalSection(ProjectConfigurationPlatforms) = postSolution
		{A21AEA82-4BAD-4C55-8C99-33FE30BF9168}.Debug|Any CPU.ActiveCfg = Debug|Any CPU
		{A21AEA82-4BAD-4C55-8C99-33FE30BF9168}.Debug|Any CPU.Build.0 = Debug|Any CPU
		{A21AEA82-4BAD-4C55-8C99-33FE30BF9168}.Release|Any CPU.ActiveCfg = Release|Any CPU
		{A21AEA82-4BAD-4C55-8C99-33FE30BF9168}.Release|Any CPU.Build.0 = Release|Any CPU
	EndGlobalSection
	GlobalSection(SolutionProperties) = preSolution
		HideSolutionNode = FALSE
	EndGlobalSection
	GlobalSection(ExtensibilityGlobals) = postSolution
		SolutionGuid = {C45855D0-4A11-4A4F-89E0-5C85E982FF23}
	EndGlobalSection
EndGlobal
